// !$*UTF8*$!
{
	archiveVersion = 1;
	classes = {
	};
	objectVersion = 48;
	objects = {

/* Begin PBXBuildFile section */
		1414FDC1202C0B9800C1E145 /* Jar.swift in Sources */ = {isa = PBXBuildFile; fileRef = 1414FDC0202C0B9800C1E145 /* Jar.swift */; };
		1414FDC3202C0BCE00C1E145 /* DispenseItem.swift in Sources */ = {isa = PBXBuildFile; fileRef = 1414FDC2202C0BCE00C1E145 /* DispenseItem.swift */; };
		1414FDC5202C0BDD00C1E145 /* Preset.swift in Sources */ = {isa = PBXBuildFile; fileRef = 1414FDC4202C0BDD00C1E145 /* Preset.swift */; };
		1414FDC7202C11AF00C1E145 /* DataManager.swift in Sources */ = {isa = PBXBuildFile; fileRef = 1414FDC6202C11AF00C1E145 /* DataManager.swift */; };
		142A4E541F8C276D00D2BD14 /* JarSettingsCell.xib in Resources */ = {isa = PBXBuildFile; fileRef = 142A4E531F8C276D00D2BD14 /* JarSettingsCell.xib */; };
		142A4E561F8C277A00D2BD14 /* SpiceConfigurationCell.xib in Resources */ = {isa = PBXBuildFile; fileRef = 142A4E551F8C277A00D2BD14 /* SpiceConfigurationCell.xib */; };
		142A4E581F8C279C00D2BD14 /* PresetDisplayCell.xib in Resources */ = {isa = PBXBuildFile; fileRef = 142A4E571F8C279C00D2BD14 /* PresetDisplayCell.xib */; };
		142A4E5A1F8C27EF00D2BD14 /* JarSettingsCell.swift in Sources */ = {isa = PBXBuildFile; fileRef = 142A4E591F8C27EF00D2BD14 /* JarSettingsCell.swift */; };
		142A4E5C1F8C27FE00D2BD14 /* SpiceConfigurationCell.swift in Sources */ = {isa = PBXBuildFile; fileRef = 142A4E5B1F8C27FE00D2BD14 /* SpiceConfigurationCell.swift */; };
		142A4E5E1F8C280F00D2BD14 /* PresetDisplayCell.swift in Sources */ = {isa = PBXBuildFile; fileRef = 142A4E5D1F8C280F00D2BD14 /* PresetDisplayCell.swift */; };
		143511162013D2B300FDD399 /* BluetoothSerial.swift in Sources */ = {isa = PBXBuildFile; fileRef = 143511152013D2B300FDD399 /* BluetoothSerial.swift */; };
		143511192013D51800FDD399 /* ScannerViewController.swift in Sources */ = {isa = PBXBuildFile; fileRef = 143511182013D51800FDD399 /* ScannerViewController.swift */; };
		1435111E20142BA200FDD399 /* SerialViewController.swift in Sources */ = {isa = PBXBuildFile; fileRef = 1435111D20142BA100FDD399 /* SerialViewController.swift */; };
		144602151F81C94C0088A875 /* Localizable.strings in Resources */ = {isa = PBXBuildFile; fileRef = 144602171F81C94C0088A875 /* Localizable.strings */; };
		1446021B1F81C9C70088A875 /* StringExtension.swift in Sources */ = {isa = PBXBuildFile; fileRef = 1446021A1F81C9C70088A875 /* StringExtension.swift */; };
		1474CC1A1F8C1A50001000EA /* MainTabBarController.swift in Sources */ = {isa = PBXBuildFile; fileRef = 1474CC191F8C1A50001000EA /* MainTabBarController.swift */; };
		14AB6CC91F8087F800CF4EF1 /* gears.json in Resources */ = {isa = PBXBuildFile; fileRef = 14AB6CC71F8084AE00CF4EF1 /* gears.json */; };
		14E872DB1F801AD300F85829 /* AppDelegate.swift in Sources */ = {isa = PBXBuildFile; fileRef = 14E872DA1F801AD300F85829 /* AppDelegate.swift */; };
		14E872E21F801AD300F85829 /* Main.storyboard in Resources */ = {isa = PBXBuildFile; fileRef = 14E872E01F801AD300F85829 /* Main.storyboard */; };
		14E872E41F801AD300F85829 /* Assets.xcassets in Resources */ = {isa = PBXBuildFile; fileRef = 14E872E31F801AD300F85829 /* Assets.xcassets */; };
		14E872E71F801AD300F85829 /* LaunchScreen.storyboard in Resources */ = {isa = PBXBuildFile; fileRef = 14E872E51F801AD300F85829 /* LaunchScreen.storyboard */; };
		14E872F31F801E9F00F85829 /* SettingsViewController.swift in Sources */ = {isa = PBXBuildFile; fileRef = 14E872F21F801E9F00F85829 /* SettingsViewController.swift */; };
		14E872F51F801EAC00F85829 /* DispenseViewController.swift in Sources */ = {isa = PBXBuildFile; fileRef = 14E872F41F801EAC00F85829 /* DispenseViewController.swift */; };
		14E872F71F801EC100F85829 /* PresetsViewController.swift in Sources */ = {isa = PBXBuildFile; fileRef = 14E872F61F801EC100F85829 /* PresetsViewController.swift */; };
		14E872F91F801FCB00F85829 /* InitialViewController.swift in Sources */ = {isa = PBXBuildFile; fileRef = 14E872F81F801FCB00F85829 /* InitialViewController.swift */; };
		26429BF8E6BE4E675150AB7B /* Pods_Spice_Dispenser.framework in Frameworks */ = {isa = PBXBuildFile; fileRef = 243A697C7DFD63E45BA86790 /* Pods_Spice_Dispenser.framework */; };
/* End PBXBuildFile section */

/* Begin PBXFileReference section */
		052155EDCA6D3F5FDDA76903 /* Pods-Spice Dispenser.debug.xcconfig */ = {isa = PBXFileReference; includeInIndex = 1; lastKnownFileType = text.xcconfig; name = "Pods-Spice Dispenser.debug.xcconfig"; path = "Pods/Target Support Files/Pods-Spice Dispenser/Pods-Spice Dispenser.debug.xcconfig"; sourceTree = "<group>"; };
		1414FDC0202C0B9800C1E145 /* Jar.swift */ = {isa = PBXFileReference; lastKnownFileType = sourcecode.swift; path = Jar.swift; sourceTree = "<group>"; };
		1414FDC2202C0BCE00C1E145 /* DispenseItem.swift */ = {isa = PBXFileReference; lastKnownFileType = sourcecode.swift; path = DispenseItem.swift; sourceTree = "<group>"; };
		1414FDC4202C0BDD00C1E145 /* Preset.swift */ = {isa = PBXFileReference; lastKnownFileType = sourcecode.swift; path = Preset.swift; sourceTree = "<group>"; };
		1414FDC6202C11AF00C1E145 /* DataManager.swift */ = {isa = PBXFileReference; lastKnownFileType = sourcecode.swift; path = DataManager.swift; sourceTree = "<group>"; };
		142A4E531F8C276D00D2BD14 /* JarSettingsCell.xib */ = {isa = PBXFileReference; lastKnownFileType = file.xib; path = JarSettingsCell.xib; sourceTree = "<group>"; };
		142A4E551F8C277A00D2BD14 /* SpiceConfigurationCell.xib */ = {isa = PBXFileReference; lastKnownFileType = file.xib; path = SpiceConfigurationCell.xib; sourceTree = "<group>"; };
		142A4E571F8C279C00D2BD14 /* PresetDisplayCell.xib */ = {isa = PBXFileReference; lastKnownFileType = file.xib; path = PresetDisplayCell.xib; sourceTree = "<group>"; };
		142A4E591F8C27EF00D2BD14 /* JarSettingsCell.swift */ = {isa = PBXFileReference; lastKnownFileType = sourcecode.swift; path = JarSettingsCell.swift; sourceTree = "<group>"; };
		142A4E5B1F8C27FE00D2BD14 /* SpiceConfigurationCell.swift */ = {isa = PBXFileReference; lastKnownFileType = sourcecode.swift; path = SpiceConfigurationCell.swift; sourceTree = "<group>"; };
		142A4E5D1F8C280F00D2BD14 /* PresetDisplayCell.swift */ = {isa = PBXFileReference; lastKnownFileType = sourcecode.swift; path = PresetDisplayCell.swift; sourceTree = "<group>"; };
		143511152013D2B300FDD399 /* BluetoothSerial.swift */ = {isa = PBXFileReference; fileEncoding = 4; lastKnownFileType = sourcecode.swift; path = BluetoothSerial.swift; sourceTree = "<group>"; };
		143511182013D51800FDD399 /* ScannerViewController.swift */ = {isa = PBXFileReference; lastKnownFileType = sourcecode.swift; path = ScannerViewController.swift; sourceTree = "<group>"; };
		1435111D20142BA100FDD399 /* SerialViewController.swift */ = {isa = PBXFileReference; fileEncoding = 4; lastKnownFileType = sourcecode.swift; path = SerialViewController.swift; sourceTree = "<group>"; };
		144602161F81C94C0088A875 /* en */ = {isa = PBXFileReference; lastKnownFileType = text.plist.strings; name = en; path = en.lproj/Localizable.strings; sourceTree = "<group>"; };
		144602181F81C9510088A875 /* Base */ = {isa = PBXFileReference; lastKnownFileType = text.plist.strings; name = Base; path = Base.lproj/Localizable.strings; sourceTree = "<group>"; };
		1446021A1F81C9C70088A875 /* StringExtension.swift */ = {isa = PBXFileReference; lastKnownFileType = sourcecode.swift; path = StringExtension.swift; sourceTree = "<group>"; };
		1474CC191F8C1A50001000EA /* MainTabBarController.swift */ = {isa = PBXFileReference; lastKnownFileType = sourcecode.swift; path = MainTabBarController.swift; sourceTree = "<group>"; };
		148DB3441F81A7D700F21F9E /* Lottie.framework */ = {isa = PBXFileReference; explicitFileType = wrapper.framework; path = Lottie.framework; sourceTree = BUILT_PRODUCTS_DIR; };
		14AB6CC51F8083B200CF4EF1 /* liblottie-ios.a */ = {isa = PBXFileReference; explicitFileType = archive.ar; path = "liblottie-ios.a"; sourceTree = BUILT_PRODUCTS_DIR; };
		14AB6CC71F8084AE00CF4EF1 /* gears.json */ = {isa = PBXFileReference; lastKnownFileType = text.json; path = gears.json; sourceTree = "<group>"; };
		14E872D71F801AD300F85829 /* Spice Dispenser.app */ = {isa = PBXFileReference; explicitFileType = wrapper.application; includeInIndex = 0; path = "Spice Dispenser.app"; sourceTree = BUILT_PRODUCTS_DIR; };
		14E872DA1F801AD300F85829 /* AppDelegate.swift */ = {isa = PBXFileReference; lastKnownFileType = sourcecode.swift; path = AppDelegate.swift; sourceTree = "<group>"; };
		14E872E11F801AD300F85829 /* Base */ = {isa = PBXFileReference; lastKnownFileType = file.storyboard; name = Base; path = Base.lproj/Main.storyboard; sourceTree = "<group>"; };
		14E872E31F801AD300F85829 /* Assets.xcassets */ = {isa = PBXFileReference; lastKnownFileType = folder.assetcatalog; path = Assets.xcassets; sourceTree = "<group>"; };
		14E872E61F801AD300F85829 /* Base */ = {isa = PBXFileReference; lastKnownFileType = file.storyboard; name = Base; path = Base.lproj/LaunchScreen.storyboard; sourceTree = "<group>"; };
		14E872E81F801AD300F85829 /* Info.plist */ = {isa = PBXFileReference; lastKnownFileType = text.plist.xml; path = Info.plist; sourceTree = "<group>"; };
		14E872F21F801E9F00F85829 /* SettingsViewController.swift */ = {isa = PBXFileReference; lastKnownFileType = sourcecode.swift; path = SettingsViewController.swift; sourceTree = "<group>"; };
		14E872F41F801EAC00F85829 /* DispenseViewController.swift */ = {isa = PBXFileReference; lastKnownFileType = sourcecode.swift; path = DispenseViewController.swift; sourceTree = "<group>"; };
		14E872F61F801EC100F85829 /* PresetsViewController.swift */ = {isa = PBXFileReference; lastKnownFileType = sourcecode.swift; path = PresetsViewController.swift; sourceTree = "<group>"; };
		14E872F81F801FCB00F85829 /* InitialViewController.swift */ = {isa = PBXFileReference; lastKnownFileType = sourcecode.swift; path = InitialViewController.swift; sourceTree = "<group>"; };
		243A697C7DFD63E45BA86790 /* Pods_Spice_Dispenser.framework */ = {isa = PBXFileReference; explicitFileType = wrapper.framework; includeInIndex = 0; path = Pods_Spice_Dispenser.framework; sourceTree = BUILT_PRODUCTS_DIR; };
		90330B000758B1B0B18AAC62 /* Pods-Spice Dispenser.release.xcconfig */ = {isa = PBXFileReference; includeInIndex = 1; lastKnownFileType = text.xcconfig; name = "Pods-Spice Dispenser.release.xcconfig"; path = "Pods/Target Support Files/Pods-Spice Dispenser/Pods-Spice Dispenser.release.xcconfig"; sourceTree = "<group>"; };
/* End PBXFileReference section */

/* Begin PBXFrameworksBuildPhase section */
		14E872D41F801AD300F85829 /* Frameworks */ = {
			isa = PBXFrameworksBuildPhase;
			buildActionMask = 2147483647;
			files = (
				26429BF8E6BE4E675150AB7B /* Pods_Spice_Dispenser.framework in Frameworks */,
			);
			runOnlyForDeploymentPostprocessing = 0;
		};
/* End PBXFrameworksBuildPhase section */

/* Begin PBXGroup section */
		1414FDBF202C0AEC00C1E145 /* Data Models */ = {
			isa = PBXGroup;
			children = (
				1414FDC0202C0B9800C1E145 /* Jar.swift */,
				1414FDC2202C0BCE00C1E145 /* DispenseItem.swift */,
				1414FDC4202C0BDD00C1E145 /* Preset.swift */,
			);
			path = "Data Models";
			sourceTree = "<group>";
		};
		142A4E5F1F8C310900D2BD14 /* Presets */ = {
			isa = PBXGroup;
			children = (
				14E872F61F801EC100F85829 /* PresetsViewController.swift */,
				142A4E5D1F8C280F00D2BD14 /* PresetDisplayCell.swift */,
				142A4E571F8C279C00D2BD14 /* PresetDisplayCell.xib */,
			);
			path = Presets;
			sourceTree = "<group>";
		};
		142A4E601F8C310C00D2BD14 /* Dispense */ = {
			isa = PBXGroup;
			children = (
				14E872F41F801EAC00F85829 /* DispenseViewController.swift */,
				142A4E5B1F8C27FE00D2BD14 /* SpiceConfigurationCell.swift */,
				142A4E551F8C277A00D2BD14 /* SpiceConfigurationCell.xib */,
			);
			path = Dispense;
			sourceTree = "<group>";
		};
		142A4E611F8C310E00D2BD14 /* Settings */ = {
			isa = PBXGroup;
			children = (
				14E872F21F801E9F00F85829 /* SettingsViewController.swift */,
				142A4E591F8C27EF00D2BD14 /* JarSettingsCell.swift */,
				142A4E531F8C276D00D2BD14 /* JarSettingsCell.xib */,
				143511172013D4E800FDD399 /* Scanner */,
			);
			path = Settings;
			sourceTree = "<group>";
		};
		143511172013D4E800FDD399 /* Scanner */ = {
			isa = PBXGroup;
			children = (
				143511182013D51800FDD399 /* ScannerViewController.swift */,
			);
			path = Scanner;
			sourceTree = "<group>";
		};
		1435111C20142B7000FDD399 /* Debug */ = {
			isa = PBXGroup;
			children = (
				1435111D20142BA100FDD399 /* SerialViewController.swift */,
			);
			path = Debug;
			sourceTree = "<group>";
		};
		1446020E1F81C6390088A875 /* Strings */ = {
			isa = PBXGroup;
			children = (
				144602171F81C94C0088A875 /* Localizable.strings */,
			);
			path = Strings;
			sourceTree = "<group>";
		};
		144602191F81C9AE0088A875 /* Extensions */ = {
			isa = PBXGroup;
			children = (
				1446021A1F81C9C70088A875 /* StringExtension.swift */,
			);
			path = Extensions;
			sourceTree = "<group>";
		};
		14AB6CC61F8084A000CF4EF1 /* Lottie Animations */ = {
			isa = PBXGroup;
			children = (
				14AB6CC71F8084AE00CF4EF1 /* gears.json */,
			);
			path = "Lottie Animations";
			sourceTree = "<group>";
		};
		14AB6CC81F8084C600CF4EF1 /* UI & Assets */ = {
			isa = PBXGroup;
			children = (
				14E872E31F801AD300F85829 /* Assets.xcassets */,
				14AB6CC61F8084A000CF4EF1 /* Lottie Animations */,
				14E872E01F801AD300F85829 /* Main.storyboard */,
				14E872E51F801AD300F85829 /* LaunchScreen.storyboard */,
			);
			path = "UI & Assets";
			sourceTree = "<group>";
		};
		14E872CE1F801AD300F85829 = {
			isa = PBXGroup;
			children = (
				14E872D91F801AD300F85829 /* Spice Dispenser */,
				14E872D81F801AD300F85829 /* Products */,
				A43C04DD3DB2E956719AF1DA /* Pods */,
				21C943FD8683B53B88E931E1 /* Frameworks */,
			);
			sourceTree = "<group>";
		};
		14E872D81F801AD300F85829 /* Products */ = {
			isa = PBXGroup;
			children = (
				14E872D71F801AD300F85829 /* Spice Dispenser.app */,
			);
			name = Products;
			sourceTree = "<group>";
		};
		14E872D91F801AD300F85829 /* Spice Dispenser */ = {
			isa = PBXGroup;
			children = (
				14E872DA1F801AD300F85829 /* AppDelegate.swift */,
				143511152013D2B300FDD399 /* BluetoothSerial.swift */,
				1414FDC6202C11AF00C1E145 /* DataManager.swift */,
				14E872F81F801FCB00F85829 /* InitialViewController.swift */,
				1474CC191F8C1A50001000EA /* MainTabBarController.swift */,
				1435111C20142B7000FDD399 /* Debug */,
				142A4E611F8C310E00D2BD14 /* Settings */,
				142A4E601F8C310C00D2BD14 /* Dispense */,
				142A4E5F1F8C310900D2BD14 /* Presets */,
				1414FDBF202C0AEC00C1E145 /* Data Models */,
				144602191F81C9AE0088A875 /* Extensions */,
				1446020E1F81C6390088A875 /* Strings */,
				14AB6CC81F8084C600CF4EF1 /* UI & Assets */,
				14E872E81F801AD300F85829 /* Info.plist */,
			);
			path = "Spice Dispenser";
			sourceTree = "<group>";
		};
		21C943FD8683B53B88E931E1 /* Frameworks */ = {
			isa = PBXGroup;
			children = (
				148DB3441F81A7D700F21F9E /* Lottie.framework */,
				14AB6CC51F8083B200CF4EF1 /* liblottie-ios.a */,
				243A697C7DFD63E45BA86790 /* Pods_Spice_Dispenser.framework */,
			);
			name = Frameworks;
			sourceTree = "<group>";
		};
		A43C04DD3DB2E956719AF1DA /* Pods */ = {
			isa = PBXGroup;
			children = (
				052155EDCA6D3F5FDDA76903 /* Pods-Spice Dispenser.debug.xcconfig */,
				90330B000758B1B0B18AAC62 /* Pods-Spice Dispenser.release.xcconfig */,
			);
			name = Pods;
			sourceTree = "<group>";
		};
/* End PBXGroup section */

/* Begin PBXNativeTarget section */
		14E872D61F801AD300F85829 /* Spice Dispenser */ = {
			isa = PBXNativeTarget;
			buildConfigurationList = 14E872EB1F801AD300F85829 /* Build configuration list for PBXNativeTarget "Spice Dispenser" */;
			buildPhases = (
				F7FC77F5FBBA263D6F8D7582 /* [CP] Check Pods Manifest.lock */,
				14E872D31F801AD300F85829 /* Sources */,
				14E872D41F801AD300F85829 /* Frameworks */,
				14E872D51F801AD300F85829 /* Resources */,
				D08317A5174946DA7FDA8553 /* [CP] Embed Pods Frameworks */,
				C12A95764E890F7072F7EA9B /* [CP] Copy Pods Resources */,
			);
			buildRules = (
			);
			dependencies = (
			);
			name = "Spice Dispenser";
			productName = "Spice Dispenser";
			productReference = 14E872D71F801AD300F85829 /* Spice Dispenser.app */;
			productType = "com.apple.product-type.application";
		};
/* End PBXNativeTarget section */

/* Begin PBXProject section */
		14E872CF1F801AD300F85829 /* Project object */ = {
			isa = PBXProject;
			attributes = {
				LastSwiftUpdateCheck = 0900;
				LastUpgradeCheck = 0900;
				ORGANIZATIONNAME = "Rakesh Mandhan";
				TargetAttributes = {
					14E872D61F801AD300F85829 = {
						CreatedOnToolsVersion = 9.0;
						ProvisioningStyle = Automatic;
					};
				};
			};
			buildConfigurationList = 14E872D21F801AD300F85829 /* Build configuration list for PBXProject "Spice Dispenser" */;
			compatibilityVersion = "Xcode 8.0";
			developmentRegion = en;
			hasScannedForEncodings = 0;
			knownRegions = (
				en,
				Base,
			);
			mainGroup = 14E872CE1F801AD300F85829;
			productRefGroup = 14E872D81F801AD300F85829 /* Products */;
			projectDirPath = "";
			projectRoot = "";
			targets = (
				14E872D61F801AD300F85829 /* Spice Dispenser */,
			);
		};
/* End PBXProject section */

/* Begin PBXResourcesBuildPhase section */
		14E872D51F801AD300F85829 /* Resources */ = {
			isa = PBXResourcesBuildPhase;
			buildActionMask = 2147483647;
			files = (
				144602151F81C94C0088A875 /* Localizable.strings in Resources */,
				14AB6CC91F8087F800CF4EF1 /* gears.json in Resources */,
				14E872E71F801AD300F85829 /* LaunchScreen.storyboard in Resources */,
				14E872E41F801AD300F85829 /* Assets.xcassets in Resources */,
				142A4E581F8C279C00D2BD14 /* PresetDisplayCell.xib in Resources */,
				142A4E561F8C277A00D2BD14 /* SpiceConfigurationCell.xib in Resources */,
				14E872E21F801AD300F85829 /* Main.storyboard in Resources */,
				142A4E541F8C276D00D2BD14 /* JarSettingsCell.xib in Resources */,
			);
			runOnlyForDeploymentPostprocessing = 0;
		};
/* End PBXResourcesBuildPhase section */

/* Begin PBXShellScriptBuildPhase section */
		C12A95764E890F7072F7EA9B /* [CP] Copy Pods Resources */ = {
			isa = PBXShellScriptBuildPhase;
			buildActionMask = 2147483647;
			files = (
			);
			inputPaths = (
			);
			name = "[CP] Copy Pods Resources";
			outputPaths = (
			);
			runOnlyForDeploymentPostprocessing = 0;
			shellPath = /bin/sh;
			shellScript = "\"${SRCROOT}/Pods/Target Support Files/Pods-Spice Dispenser/Pods-Spice Dispenser-resources.sh\"\n";
			showEnvVarsInLog = 0;
		};
		D08317A5174946DA7FDA8553 /* [CP] Embed Pods Frameworks */ = {
			isa = PBXShellScriptBuildPhase;
			buildActionMask = 2147483647;
			files = (
			);
			inputPaths = (
				"${SRCROOT}/Pods/Target Support Files/Pods-Spice Dispenser/Pods-Spice Dispenser-frameworks.sh",
				"${BUILT_PRODUCTS_DIR}/lottie-ios/Lottie.framework",
			);
			name = "[CP] Embed Pods Frameworks";
			outputPaths = (
				"${TARGET_BUILD_DIR}/${FRAMEWORKS_FOLDER_PATH}/Lottie.framework",
			);
			runOnlyForDeploymentPostprocessing = 0;
			shellPath = /bin/sh;
			shellScript = "\"${SRCROOT}/Pods/Target Support Files/Pods-Spice Dispenser/Pods-Spice Dispenser-frameworks.sh\"\n";
			showEnvVarsInLog = 0;
		};
		F7FC77F5FBBA263D6F8D7582 /* [CP] Check Pods Manifest.lock */ = {
			isa = PBXShellScriptBuildPhase;
			buildActionMask = 2147483647;
			files = (
			);
			inputPaths = (
				"${PODS_PODFILE_DIR_PATH}/Podfile.lock",
				"${PODS_ROOT}/Manifest.lock",
			);
			name = "[CP] Check Pods Manifest.lock";
			outputPaths = (
				"$(DERIVED_FILE_DIR)/Pods-Spice Dispenser-checkManifestLockResult.txt",
			);
			runOnlyForDeploymentPostprocessing = 0;
			shellPath = /bin/sh;
			shellScript = "diff \"${PODS_PODFILE_DIR_PATH}/Podfile.lock\" \"${PODS_ROOT}/Manifest.lock\" > /dev/null\nif [ $? != 0 ] ; then\n    # print error to STDERR\n    echo \"error: The sandbox is not in sync with the Podfile.lock. Run 'pod install' or update your CocoaPods installation.\" >&2\n    exit 1\nfi\n# This output is used by Xcode 'outputs' to avoid re-running this script phase.\necho \"SUCCESS\" > \"${SCRIPT_OUTPUT_FILE_0}\"\n";
			showEnvVarsInLog = 0;
		};
/* End PBXShellScriptBuildPhase section */

/* Begin PBXSourcesBuildPhase section */
		14E872D31F801AD300F85829 /* Sources */ = {
			isa = PBXSourcesBuildPhase;
			buildActionMask = 2147483647;
			files = (
				14E872F91F801FCB00F85829 /* InitialViewController.swift in Sources */,
				1414FDC1202C0B9800C1E145 /* Jar.swift in Sources */,
				142A4E5C1F8C27FE00D2BD14 /* SpiceConfigurationCell.swift in Sources */,
				143511162013D2B300FDD399 /* BluetoothSerial.swift in Sources */,
				1446021B1F81C9C70088A875 /* StringExtension.swift in Sources */,
				1474CC1A1F8C1A50001000EA /* MainTabBarController.swift in Sources */,
				1435111E20142BA200FDD399 /* SerialViewController.swift in Sources */,
				1414FDC3202C0BCE00C1E145 /* DispenseItem.swift in Sources */,
				14E872F71F801EC100F85829 /* PresetsViewController.swift in Sources */,
				1414FDC7202C11AF00C1E145 /* DataManager.swift in Sources */,
				142A4E5E1F8C280F00D2BD14 /* PresetDisplayCell.swift in Sources */,
				1414FDC5202C0BDD00C1E145 /* Preset.swift in Sources */,
				143511192013D51800FDD399 /* ScannerViewController.swift in Sources */,
				14E872DB1F801AD300F85829 /* AppDelegate.swift in Sources */,
				14E872F51F801EAC00F85829 /* DispenseViewController.swift in Sources */,
				142A4E5A1F8C27EF00D2BD14 /* JarSettingsCell.swift in Sources */,
				14E872F31F801E9F00F85829 /* SettingsViewController.swift in Sources */,
			);
			runOnlyForDeploymentPostprocessing = 0;
		};
/* End PBXSourcesBuildPhase section */

/* Begin PBXVariantGroup section */
		144602171F81C94C0088A875 /* Localizable.strings */ = {
			isa = PBXVariantGroup;
			children = (
				144602161F81C94C0088A875 /* en */,
				144602181F81C9510088A875 /* Base */,
			);
			name = Localizable.strings;
			sourceTree = "<group>";
		};
		14E872E01F801AD300F85829 /* Main.storyboard */ = {
			isa = PBXVariantGroup;
			children = (
				14E872E11F801AD300F85829 /* Base */,
			);
			name = Main.storyboard;
			sourceTree = "<group>";
		};
		14E872E51F801AD300F85829 /* LaunchScreen.storyboard */ = {
			isa = PBXVariantGroup;
			children = (
				14E872E61F801AD300F85829 /* Base */,
			);
			name = LaunchScreen.storyboard;
			sourceTree = "<group>";
		};
/* End PBXVariantGroup section */

/* Begin XCBuildConfiguration section */
		14E872E91F801AD300F85829 /* Debug */ = {
			isa = XCBuildConfiguration;
			buildSettings = {
				ALWAYS_SEARCH_USER_PATHS = NO;
				CLANG_ANALYZER_LOCALIZABILITY_NONLOCALIZED = YES;
				CLANG_ANALYZER_NONNULL = YES;
				CLANG_ANALYZER_NUMBER_OBJECT_CONVERSION = YES_AGGRESSIVE;
				CLANG_CXX_LANGUAGE_STANDARD = "gnu++14";
				CLANG_CXX_LIBRARY = "libc++";
				CLANG_ENABLE_MODULES = YES;
				CLANG_ENABLE_OBJC_ARC = YES;
				CLANG_WARN_BLOCK_CAPTURE_AUTORELEASING = YES;
				CLANG_WARN_BOOL_CONVERSION = YES;
				CLANG_WARN_COMMA = YES;
				CLANG_WARN_CONSTANT_CONVERSION = YES;
				CLANG_WARN_DIRECT_OBJC_ISA_USAGE = YES_ERROR;
				CLANG_WARN_DOCUMENTATION_COMMENTS = YES;
				CLANG_WARN_EMPTY_BODY = YES;
				CLANG_WARN_ENUM_CONVERSION = YES;
				CLANG_WARN_INFINITE_RECURSION = YES;
				CLANG_WARN_INT_CONVERSION = YES;
				CLANG_WARN_NON_LITERAL_NULL_CONVERSION = YES;
				CLANG_WARN_OBJC_LITERAL_CONVERSION = YES;
				CLANG_WARN_OBJC_ROOT_CLASS = YES_ERROR;
				CLANG_WARN_RANGE_LOOP_ANALYSIS = YES;
				CLANG_WARN_STRICT_PROTOTYPES = YES;
				CLANG_WARN_SUSPICIOUS_MOVE = YES;
				CLANG_WARN_UNGUARDED_AVAILABILITY = YES_AGGRESSIVE;
				CLANG_WARN_UNREACHABLE_CODE = YES;
				CLANG_WARN__DUPLICATE_METHOD_MATCH = YES;
				CODE_SIGN_IDENTITY = "iPhone Developer";
				COPY_PHASE_STRIP = NO;
				DEBUG_INFORMATION_FORMAT = dwarf;
				ENABLE_STRICT_OBJC_MSGSEND = YES;
				ENABLE_TESTABILITY = YES;
				GCC_C_LANGUAGE_STANDARD = gnu11;
				GCC_DYNAMIC_NO_PIC = NO;
				GCC_NO_COMMON_BLOCKS = YES;
				GCC_OPTIMIZATION_LEVEL = 0;
				GCC_PREPROCESSOR_DEFINITIONS = (
					"DEBUG=1",
					"$(inherited)",
				);
				GCC_WARN_64_TO_32_BIT_CONVERSION = YES;
				GCC_WARN_ABOUT_RETURN_TYPE = YES_ERROR;
				GCC_WARN_UNDECLARED_SELECTOR = YES;
				GCC_WARN_UNINITIALIZED_AUTOS = YES_AGGRESSIVE;
				GCC_WARN_UNUSED_FUNCTION = YES;
				GCC_WARN_UNUSED_VARIABLE = YES;
				IPHONEOS_DEPLOYMENT_TARGET = 11.0;
				MTL_ENABLE_DEBUG_INFO = YES;
				ONLY_ACTIVE_ARCH = YES;
				SDKROOT = iphoneos;
				SWIFT_ACTIVE_COMPILATION_CONDITIONS = DEBUG;
				SWIFT_OPTIMIZATION_LEVEL = "-Onone";
			};
			name = Debug;
		};
		14E872EA1F801AD300F85829 /* Release */ = {
			isa = XCBuildConfiguration;
			buildSettings = {
				ALWAYS_SEARCH_USER_PATHS = NO;
				CLANG_ANALYZER_LOCALIZABILITY_NONLOCALIZED = YES;
				CLANG_ANALYZER_NONNULL = YES;
				CLANG_ANALYZER_NUMBER_OBJECT_CONVERSION = YES_AGGRESSIVE;
				CLANG_CXX_LANGUAGE_STANDARD = "gnu++14";
				CLANG_CXX_LIBRARY = "libc++";
				CLANG_ENABLE_MODULES = YES;
				CLANG_ENABLE_OBJC_ARC = YES;
				CLANG_WARN_BLOCK_CAPTURE_AUTORELEASING = YES;
				CLANG_WARN_BOOL_CONVERSION = YES;
				CLANG_WARN_COMMA = YES;
				CLANG_WARN_CONSTANT_CONVERSION = YES;
				CLANG_WARN_DIRECT_OBJC_ISA_USAGE = YES_ERROR;
				CLANG_WARN_DOCUMENTATION_COMMENTS = YES;
				CLANG_WARN_EMPTY_BODY = YES;
				CLANG_WARN_ENUM_CONVERSION = YES;
				CLANG_WARN_INFINITE_RECURSION = YES;
				CLANG_WARN_INT_CONVERSION = YES;
				CLANG_WARN_NON_LITERAL_NULL_CONVERSION = YES;
				CLANG_WARN_OBJC_LITERAL_CONVERSION = YES;
				CLANG_WARN_OBJC_ROOT_CLASS = YES_ERROR;
				CLANG_WARN_RANGE_LOOP_ANALYSIS = YES;
				CLANG_WARN_STRICT_PROTOTYPES = YES;
				CLANG_WARN_SUSPICIOUS_MOVE = YES;
				CLANG_WARN_UNGUARDED_AVAILABILITY = YES_AGGRESSIVE;
				CLANG_WARN_UNREACHABLE_CODE = YES;
				CLANG_WARN__DUPLICATE_METHOD_MATCH = YES;
				CODE_SIGN_IDENTITY = "iPhone Developer";
				COPY_PHASE_STRIP = NO;
				DEBUG_INFORMATION_FORMAT = "dwarf-with-dsym";
				ENABLE_NS_ASSERTIONS = NO;
				ENABLE_STRICT_OBJC_MSGSEND = YES;
				GCC_C_LANGUAGE_STANDARD = gnu11;
				GCC_NO_COMMON_BLOCKS = YES;
				GCC_WARN_64_TO_32_BIT_CONVERSION = YES;
				GCC_WARN_ABOUT_RETURN_TYPE = YES_ERROR;
				GCC_WARN_UNDECLARED_SELECTOR = YES;
				GCC_WARN_UNINITIALIZED_AUTOS = YES_AGGRESSIVE;
				GCC_WARN_UNUSED_FUNCTION = YES;
				GCC_WARN_UNUSED_VARIABLE = YES;
				IPHONEOS_DEPLOYMENT_TARGET = 11.0;
				MTL_ENABLE_DEBUG_INFO = NO;
				SDKROOT = iphoneos;
				SWIFT_OPTIMIZATION_LEVEL = "-Owholemodule";
				VALIDATE_PRODUCT = YES;
			};
			name = Release;
		};
		14E872EC1F801AD300F85829 /* Debug */ = {
			isa = XCBuildConfiguration;
			baseConfigurationReference = 052155EDCA6D3F5FDDA76903 /* Pods-Spice Dispenser.debug.xcconfig */;
			buildSettings = {
				ASSETCATALOG_COMPILER_APPICON_NAME = AppIcon;
				CODE_SIGN_STYLE = Automatic;
				DEVELOPMENT_TEAM = 5YU575SWFM;
				INFOPLIST_FILE = "Spice Dispenser/Info.plist";
				LD_RUNPATH_SEARCH_PATHS = "$(inherited) @executable_path/Frameworks";
				PRODUCT_BUNDLE_IDENTIFIER = "rakeshmandhan.Spice-Dispenser";
				PRODUCT_NAME = "$(TARGET_NAME)";
				SWIFT_VERSION = 4.0;
				TARGETED_DEVICE_FAMILY = "1,2";
			};
			name = Debug;
		};
		14E872ED1F801AD300F85829 /* Release */ = {
			isa = XCBuildConfiguration;
			baseConfigurationReference = 90330B000758B1B0B18AAC62 /* Pods-Spice Dispenser.release.xcconfig */;
			buildSettings = {
				ASSETCATALOG_COMPILER_APPICON_NAME = AppIcon;
				CODE_SIGN_STYLE = Automatic;
				DEVELOPMENT_TEAM = 5YU575SWFM;
				INFOPLIST_FILE = "Spice Dispenser/Info.plist";
				LD_RUNPATH_SEARCH_PATHS = "$(inherited) @executable_path/Frameworks";
				PRODUCT_BUNDLE_IDENTIFIER = "rakeshmandhan.Spice-Dispenser";
				PRODUCT_NAME = "$(TARGET_NAME)";
				SWIFT_VERSION = 4.0;
				TARGETED_DEVICE_FAMILY = "1,2";
			};
			name = Release;
		};
/* End XCBuildConfiguration section */

/* Begin XCConfigurationList section */
		14E872D21F801AD300F85829 /* Build configuration list for PBXProject "Spice Dispenser" */ = {
			isa = XCConfigurationList;
			buildConfigurations = (
				14E872E91F801AD300F85829 /* Debug */,
				14E872EA1F801AD300F85829 /* Release */,
			);
			defaultConfigurationIsVisible = 0;
			defaultConfigurationName = Release;
		};
		14E872EB1F801AD300F85829 /* Build configuration list for PBXNativeTarget "Spice Dispenser" */ = {
			isa = XCConfigurationList;
			buildConfigurations = (
				14E872EC1F801AD300F85829 /* Debug */,
				14E872ED1F801AD300F85829 /* Release */,
			);
			defaultConfigurationIsVisible = 0;
			defaultConfigurationName = Release;
		};
/* End XCConfigurationList section */
	};
	rootObject = 14E872CF1F801AD300F85829 /* Project object */;
}
